
Microsoft Visual Studio Solution File, Format Version 12.00
# Visual Studio Version 17
VisualStudioVersion = 17.5.002.0
MinimumVisualStudioVersion = 10.0.40219.1
Project("{2150E333-8FDC-42A3-9474-1A3956D46DE8}") = "csharp-prep", "csharp-prep", "{50F305F1-6173-418E-83CC-8D0FD26BD4E8}"
EndProject
Project("{9A19103F-16F7-4668-BE54-9A1E7A4F7556}") = "Prep1", "csharp-prep\Prep1\Prep1.csproj", "{C1DE4036-3819-456D-8A30-881884C23348}"
EndProject
Project("{9A19103F-16F7-4668-BE54-9A1E7A4F7556}") = "Prep2", "csharp-prep\Prep2\Prep2.csproj", "{48C9FDDF-AA8B-4650-8CB3-713D14012F59}"
EndProject
Project("{9A19103F-16F7-4668-BE54-9A1E7A4F7556}") = "Prep3", "csharp-prep\Prep3\Prep3.csproj", "{E7589C87-902A-4F68-925A-ED92F658964B}"
EndProject
Project("{9A19103F-16F7-4668-BE54-9A1E7A4F7556}") = "Prep4", "csharp-prep\Prep4\Prep4.csproj", "{36D002D0-00BE-4A3E-A8A3-5BE4E9A6F936}"
EndProject
Project("{9A19103F-16F7-4668-BE54-9A1E7A4F7556}") = "Prep5", "csharp-prep\Prep5\Prep5.csproj", "{902A037A-386F-4174-B57C-333A79911B95}"
EndProject
Project("{2150E333-8FDC-42A3-9474-1A3956D46DE8}") = "final", "final", "{BB52C20B-3441-4961-AF3D-074486A921C4}"
EndProject
Project("{9A19103F-16F7-4668-BE54-9A1E7A4F7556}") = "FinalProject", "final\FinalProject\FinalProject.csproj", "{3181665F-6759-4A75-8063-985F22B0F2FD}"
EndProject
Project("{9A19103F-16F7-4668-BE54-9A1E7A4F7556}") = "Foundation1", "final\Foundation1\Foundation1.csproj", "{95883F0F-D9E0-411A-AA48-BD35E346662B}"
EndProject
Project("{9A19103F-16F7-4668-BE54-9A1E7A4F7556}") = "Foundation2", "final\Foundation2\Foundation2.csproj", "{5248BA88-8E23-4D6D-B74C-63A8BD8BFAA6}"
EndProject
Project("{9A19103F-16F7-4668-BE54-9A1E7A4F7556}") = "Foundation3", "final\Foundation3\Foundation3.csproj", "{AF9D168C-7C22-4FCC-86E5-640A4F7B83D5}"
EndProject
Project("{9A19103F-16F7-4668-BE54-9A1E7A4F7556}") = "Foundation4", "final\Foundation4\Foundation4.csproj", "{E535B0AF-C5DF-48D3-BF1D-0E751CA8C1B5}"
EndProject
Project("{2150E333-8FDC-42A3-9474-1A3956D46DE8}") = "prepare", "prepare", "{44A4F775-5979-4543-B1FC-91108F5F5188}"
EndProject
Project("{9A19103F-16F7-4668-BE54-9A1E7A4F7556}") = "Learning02", "prepare\Learning02\Learning02.csproj", "{5770E630-52A0-4932-B1D5-1E2221A7762F}"
EndProject
Project("{9A19103F-16F7-4668-BE54-9A1E7A4F7556}") = "Learning03", "prepare\Learning03\Learning03.csproj", "{74BF38D1-C5EB-49D0-A11F-6039F28CF527}"
EndProject
Project("{9A19103F-16F7-4668-BE54-9A1E7A4F7556}") = "Learning04", "prepare\Learning04\Learning04.csproj", "{06BF7772-ED10-44DA-B8B1-51A4C6C888E7}"
EndProject
Project("{9A19103F-16F7-4668-BE54-9A1E7A4F7556}") = "Learning05", "prepare\Learning05\Learning05.csproj", "{EC5886D2-B5C1-4307-B63C-55EAC2AC96F4}"
EndProject
Project("{2150E333-8FDC-42A3-9474-1A3956D46DE8}") = "prove", "prove", "{AAE7B742-96E4-4AC3-B073-98425E4648F0}"
EndProject
Project("{9A19103F-16F7-4668-BE54-9A1E7A4F7556}") = "Develop02", "prove\Develop02\Develop02.csproj", "{9B93D9A6-B5D2-4A03-8BC2-B50FDF003DFD}"
EndProject
Project("{9A19103F-16F7-4668-BE54-9A1E7A4F7556}") = "Develop03", "prove\Develop03\Develop03.csproj", "{E5C73BF8-8EEF-4D5B-A167-F0B0E0C1B1B7}"
EndProject
Project("{9A19103F-16F7-4668-BE54-9A1E7A4F7556}") = "Develop04", "prove\Develop04\Develop04.csproj", "{4187BC07-2AA0-4B46-8AA5-6C3866FF472C}"
EndProject
Project("{9A19103F-16F7-4668-BE54-9A1E7A4F7556}") = "Develop05", "prove\Develop05\Develop05.csproj", "{95019E41-642A-468D-994E-A699B186373E}"
EndProject
Project("{2150E333-8FDC-42A3-9474-1A3956D46DE8}") = "sandbox", "sandbox", "{2C38378B-AB5E-4F2F-9175-AC69C38A7F2D}"
EndProject
Project("{9A19103F-16F7-4668-BE54-9A1E7A4F7556}") = "Sandbox", "sandbox\Sandbox\Sandbox.csproj", "{0D3E1F61-B303-4737-B840-53503AB53327}"
EndProject
Global
	GlobalSection(SolutionConfigurationPlatforms) = preSolution
		Debug|Any CPU = Debug|Any CPU
		Release|Any CPU = Release|Any CPU
	EndGlobalSection
	GlobalSection(ProjectConfigurationPlatforms) = postSolution
		{C1DE4036-3819-456D-8A30-881884C23348}.Debug|Any CPU.ActiveCfg = Debug|Any CPU
		{C1DE4036-3819-456D-8A30-881884C23348}.Debug|Any CPU.Build.0 = Debug|Any CPU
		{C1DE4036-3819-456D-8A30-881884C23348}.Release|Any CPU.ActiveCfg = Release|Any CPU
		{C1DE4036-3819-456D-8A30-881884C23348}.Release|Any CPU.Build.0 = Release|Any CPU
		{48C9FDDF-AA8B-4650-8CB3-713D14012F59}.Debug|Any CPU.ActiveCfg = Debug|Any CPU
		{48C9FDDF-AA8B-4650-8CB3-713D14012F59}.Debug|Any CPU.Build.0 = Debug|Any CPU
		{48C9FDDF-AA8B-4650-8CB3-713D14012F59}.Release|Any CPU.ActiveCfg = Release|Any CPU
		{48C9FDDF-AA8B-4650-8CB3-713D14012F59}.Release|Any CPU.Build.0 = Release|Any CPU
		{E7589C87-902A-4F68-925A-ED92F658964B}.Debug|Any CPU.ActiveCfg = Debug|Any CPU
		{E7589C87-902A-4F68-925A-ED92F658964B}.Debug|Any CPU.Build.0 = Debug|Any CPU
		{E7589C87-902A-4F68-925A-ED92F658964B}.Release|Any CPU.ActiveCfg = Release|Any CPU
		{E7589C87-902A-4F68-925A-ED92F658964B}.Release|Any CPU.Build.0 = Release|Any CPU
		{36D002D0-00BE-4A3E-A8A3-5BE4E9A6F936}.Debug|Any CPU.ActiveCfg = Debug|Any CPU
		{36D002D0-00BE-4A3E-A8A3-5BE4E9A6F936}.Debug|Any CPU.Build.0 = Debug|Any CPU
		{36D002D0-00BE-4A3E-A8A3-5BE4E9A6F936}.Release|Any CPU.ActiveCfg = Release|Any CPU
		{36D002D0-00BE-4A3E-A8A3-5BE4E9A6F936}.Release|Any CPU.Build.0 = Release|Any CPU
		{902A037A-386F-4174-B57C-333A79911B95}.Debug|Any CPU.ActiveCfg = Debug|Any CPU
		{902A037A-386F-4174-B57C-333A79911B95}.Debug|Any CPU.Build.0 = Debug|Any CPU
		{902A037A-386F-4174-B57C-333A79911B95}.Release|Any CPU.ActiveCfg = Release|Any CPU
		{902A037A-386F-4174-B57C-333A79911B95}.Release|Any CPU.Build.0 = Release|Any CPU
		{3181665F-6759-4A75-8063-985F22B0F2FD}.Debug|Any CPU.ActiveCfg = Debug|Any CPU
		{3181665F-6759-4A75-8063-985F22B0F2FD}.Debug|Any CPU.Build.0 = Debug|Any CPU
		{3181665F-6759-4A75-8063-985F22B0F2FD}.Release|Any CPU.ActiveCfg = Release|Any CPU
		{3181665F-6759-4A75-8063-985F22B0F2FD}.Release|Any CPU.Build.0 = Release|Any CPU
		{95883F0F-D9E0-411A-AA48-BD35E346662B}.Debug|Any CPU.ActiveCfg = Debug|Any CPU
		{95883F0F-D9E0-411A-AA48-BD35E346662B}.Debug|Any CPU.Build.0 = Debug|Any CPU
		{95883F0F-D9E0-411A-AA48-BD35E346662B}.Release|Any CPU.ActiveCfg = Release|Any CPU
		{95883F0F-D9E0-411A-AA48-BD35E346662B}.Release|Any CPU.Build.0 = Release|Any CPU
		{5248BA88-8E23-4D6D-B74C-63A8BD8BFAA6}.Debug|Any CPU.ActiveCfg = Debug|Any CPU
		{5248BA88-8E23-4D6D-B74C-63A8BD8BFAA6}.Debug|Any CPU.Build.0 = Debug|Any CPU
		{5248BA88-8E23-4D6D-B74C-63A8BD8BFAA6}.Release|Any CPU.ActiveCfg = Release|Any CPU
		{5248BA88-8E23-4D6D-B74C-63A8BD8BFAA6}.Release|Any CPU.Build.0 = Release|Any CPU
		{AF9D168C-7C22-4FCC-86E5-640A4F7B83D5}.Debug|Any CPU.ActiveCfg = Debug|Any CPU
		{AF9D168C-7C22-4FCC-86E5-640A4F7B83D5}.Debug|Any CPU.Build.0 = Debug|Any CPU
		{AF9D168C-7C22-4FCC-86E5-640A4F7B83D5}.Release|Any CPU.ActiveCfg = Release|Any CPU
		{AF9D168C-7C22-4FCC-86E5-640A4F7B83D5}.Release|Any CPU.Build.0 = Release|Any CPU
		{E535B0AF-C5DF-48D3-BF1D-0E751CA8C1B5}.Debug|Any CPU.ActiveCfg = Debug|Any CPU
		{E535B0AF-C5DF-48D3-BF1D-0E751CA8C1B5}.Debug|Any CPU.Build.0 = Debug|Any CPU
		{E535B0AF-C5DF-48D3-BF1D-0E751CA8C1B5}.Release|Any CPU.ActiveCfg = Release|Any CPU
		{E535B0AF-C5DF-48D3-BF1D-0E751CA8C1B5}.Release|Any CPU.Build.0 = Release|Any CPU
		{5770E630-52A0-4932-B1D5-1E2221A7762F}.Debug|Any CPU.ActiveCfg = Debug|Any CPU
		{5770E630-52A0-4932-B1D5-1E2221A7762F}.Debug|Any CPU.Build.0 = Debug|Any CPU
		{5770E630-52A0-4932-B1D5-1E2221A7762F}.Release|Any CPU.ActiveCfg = Release|Any CPU
		{5770E630-52A0-4932-B1D5-1E2221A7762F}.Release|Any CPU.Build.0 = Release|Any CPU
		{74BF38D1-C5EB-49D0-A11F-6039F28CF527}.Debug|Any CPU.ActiveCfg = Debug|Any CPU
		{74BF38D1-C5EB-49D0-A11F-6039F28CF527}.Debug|Any CPU.Build.0 = Debug|Any CPU
		{74BF38D1-C5EB-49D0-A11F-6039F28CF527}.Release|Any CPU.ActiveCfg = Release|Any CPU
		{74BF38D1-C5EB-49D0-A11F-6039F28CF527}.Release|Any CPU.Build.0 = Release|Any CPU
		{06BF7772-ED10-44DA-B8B1-51A4C6C888E7}.Debug|Any CPU.ActiveCfg = Debug|Any CPU
		{06BF7772-ED10-44DA-B8B1-51A4C6C888E7}.Debug|Any CPU.Build.0 = Debug|Any CPU
		{06BF7772-ED10-44DA-B8B1-51A4C6C888E7}.Release|Any CPU.ActiveCfg = Release|Any CPU
		{06BF7772-ED10-44DA-B8B1-51A4C6C888E7}.Release|Any CPU.Build.0 = Release|Any CPU
		{EC5886D2-B5C1-4307-B63C-55EAC2AC96F4}.Debug|Any CPU.ActiveCfg = Debug|Any CPU
		{EC5886D2-B5C1-4307-B63C-55EAC2AC96F4}.Debug|Any CPU.Build.0 = Debug|Any CPU
		{EC5886D2-B5C1-4307-B63C-55EAC2AC96F4}.Release|Any CPU.ActiveCfg = Release|Any CPU
		{EC5886D2-B5C1-4307-B63C-55EAC2AC96F4}.Release|Any CPU.Build.0 = Release|Any CPU
		{9B93D9A6-B5D2-4A03-8BC2-B50FDF003DFD}.Debug|Any CPU.ActiveCfg = Debug|Any CPU
		{9B93D9A6-B5D2-4A03-8BC2-B50FDF003DFD}.Debug|Any CPU.Build.0 = Debug|Any CPU
		{9B93D9A6-B5D2-4A03-8BC2-B50FDF003DFD}.Release|Any CPU.ActiveCfg = Release|Any CPU
		{9B93D9A6-B5D2-4A03-8BC2-B50FDF003DFD}.Release|Any CPU.Build.0 = Release|Any CPU
		{E5C73BF8-8EEF-4D5B-A167-F0B0E0C1B1B7}.Debug|Any CPU.ActiveCfg = Debug|Any CPU
		{E5C73BF8-8EEF-4D5B-A167-F0B0E0C1B1B7}.Debug|Any CPU.Build.0 = Debug|Any CPU
		{E5C73BF8-8EEF-4D5B-A167-F0B0E0C1B1B7}.Release|Any CPU.ActiveCfg = Release|Any CPU
		{E5C73BF8-8EEF-4D5B-A167-F0B0E0C1B1B7}.Release|Any CPU.Build.0 = Release|Any CPU
		{4187BC07-2AA0-4B46-8AA5-6C3866FF472C}.Debug|Any CPU.ActiveCfg = Debug|Any CPU
		{4187BC07-2AA0-4B46-8AA5-6C3866FF472C}.Debug|Any CPU.Build.0 = Debug|Any CPU
		{4187BC07-2AA0-4B46-8AA5-6C3866FF472C}.Release|Any CPU.ActiveCfg = Release|Any CPU
		{4187BC07-2AA0-4B46-8AA5-6C3866FF472C}.Release|Any CPU.Build.0 = Release|Any CPU
		{95019E41-642A-468D-994E-A699B186373E}.Debug|Any CPU.ActiveCfg = Debug|Any CPU
		{95019E41-642A-468D-994E-A699B186373E}.Debug|Any CPU.Build.0 = Debug|Any CPU
		{95019E41-642A-468D-994E-A699B186373E}.Release|Any CPU.ActiveCfg = Release|Any CPU
		{95019E41-642A-468D-994E-A699B186373E}.Release|Any CPU.Build.0 = Release|Any CPU
		{0D3E1F61-B303-4737-B840-53503AB53327}.Debug|Any CPU.ActiveCfg = Debug|Any CPU
		{0D3E1F61-B303-4737-B840-53503AB53327}.Debug|Any CPU.Build.0 = Debug|Any CPU
		{0D3E1F61-B303-4737-B840-53503AB53327}.Release|Any CPU.ActiveCfg = Release|Any CPU
		{0D3E1F61-B303-4737-B840-53503AB53327}.Release|Any CPU.Build.0 = Release|Any CPU
	EndGlobalSection
	GlobalSection(SolutionProperties) = preSolution
		HideSolutionNode = FALSE
	EndGlobalSection
	GlobalSection(NestedProjects) = preSolution
		{C1DE4036-3819-456D-8A30-881884C23348} = {50F305F1-6173-418E-83CC-8D0FD26BD4E8}
		{48C9FDDF-AA8B-4650-8CB3-713D14012F59} = {50F305F1-6173-418E-83CC-8D0FD26BD4E8}
		{E7589C87-902A-4F68-925A-ED92F658964B} = {50F305F1-6173-418E-83CC-8D0FD26BD4E8}
		{36D002D0-00BE-4A3E-A8A3-5BE4E9A6F936} = {50F305F1-6173-418E-83CC-8D0FD26BD4E8}
		{902A037A-386F-4174-B57C-333A79911B95} = {50F305F1-6173-418E-83CC-8D0FD26BD4E8}
		{3181665F-6759-4A75-8063-985F22B0F2FD} = {BB52C20B-3441-4961-AF3D-074486A921C4}
		{95883F0F-D9E0-411A-AA48-BD35E346662B} = {BB52C20B-3441-4961-AF3D-074486A921C4}
		{5248BA88-8E23-4D6D-B74C-63A8BD8BFAA6} = {BB52C20B-3441-4961-AF3D-074486A921C4}
		{AF9D168C-7C22-4FCC-86E5-640A4F7B83D5} = {BB52C20B-3441-4961-AF3D-074486A921C4}
		{E535B0AF-C5DF-48D3-BF1D-0E751CA8C1B5} = {BB52C20B-3441-4961-AF3D-074486A921C4}
		{5770E630-52A0-4932-B1D5-1E2221A7762F} = {44A4F775-5979-4543-B1FC-91108F5F5188}
		{74BF38D1-C5EB-49D0-A11F-6039F28CF527} = {44A4F775-5979-4543-B1FC-91108F5F5188}
		{06BF7772-ED10-44DA-B8B1-51A4C6C888E7} = {44A4F775-5979-4543-B1FC-91108F5F5188}
		{EC5886D2-B5C1-4307-B63C-55EAC2AC96F4} = {44A4F775-5979-4543-B1FC-91108F5F5188}
		{9B93D9A6-B5D2-4A03-8BC2-B50FDF003DFD} = {AAE7B742-96E4-4AC3-B073-98425E4648F0}
		{E5C73BF8-8EEF-4D5B-A167-F0B0E0C1B1B7} = {AAE7B742-96E4-4AC3-B073-98425E4648F0}
		{4187BC07-2AA0-4B46-8AA5-6C3866FF472C} = {AAE7B742-96E4-4AC3-B073-98425E4648F0}
		{95019E41-642A-468D-994E-A699B186373E} = {AAE7B742-96E4-4AC3-B073-98425E4648F0}
		{0D3E1F61-B303-4737-B840-53503AB53327} = {2C38378B-AB5E-4F2F-9175-AC69C38A7F2D}
	EndGlobalSection
	GlobalSection(ExtensibilityGlobals) = postSolution
		SolutionGuid = {188DD193-6B69-4C56-AC32-A92D5CFF1D4E}
	EndGlobalSection
EndGlobal
